
Microsoft Visual Studio Solution File, Format Version 12.00
# Visual Studio Version 16
VisualStudioVersion = 16.0.31624.102
MinimumVisualStudioVersion = 10.0.40219.1
Project("{FAE04EC0-301F-11D3-BF4B-00C04F79EFBC}") = "GameLoopChallenge", "GameLoopChallenge\GameLoopChallenge.csproj", "{D6EBD31E-5110-4612-A007-6F35676B7DE4}"
EndProject
Global
	GlobalSection(SolutionConfigurationPlatforms) = preSolution
		Debug|Any CPU = Debug|Any CPU
		Release|Any CPU = Release|Any CPU
	EndGlobalSection
	GlobalSection(ProjectConfigurationPlatforms) = postSolution
		{D6EBD31E-5110-4612-A007-6F35676B7DE4}.Debug|Any CPU.ActiveCfg = Debug|Any CPU
		{D6EBD31E-5110-4612-A007-6F35676B7DE4}.Debug|Any CPU.Build.0 = Debug|Any CPU
		{D6EBD31E-5110-4612-A007-6F35676B7DE4}.Release|Any CPU.ActiveCfg = Release|Any CPU
		{D6EBD31E-5110-4612-A007-6F35676B7DE4}.Release|Any CPU.Build.0 = Release|Any CPU
	EndGlobalSection
	GlobalSection(SolutionProperties) = preSolution
		HideSolutionNode = FALSE
	EndGlobalSection
	GlobalSection(ExtensibilityGlobals) = postSolution
		SolutionGuid = {537589A6-8698-4CFE-9B20-071FEF07EAE4}
	EndGlobalSection
EndGlobal
